// !$*UTF8*$!
{
	archiveVersion = 1;
	classes = {
	};
	objectVersion = 56;
	objects = {

/* Begin PBXBuildFile section */
		D31D32A42BB321280094FF88 /* art.scnassets in Resources */ = {isa = PBXBuildFile; fileRef = D31D32A32BB321280094FF88 /* art.scnassets */; };
		D3210AEA2BC1BC1800F47F1F /* ARViews.swift in Sources */ = {isa = PBXBuildFile; fileRef = D3210AE92BC1BC1800F47F1F /* ARViews.swift */; };
		D3210AEC2BC1C46000F47F1F /* Tasks.swift in Sources */ = {isa = PBXBuildFile; fileRef = D3210AEB2BC1C46000F47F1F /* Tasks.swift */; };
		D3210AF02BC1CAF400F47F1F /* TaskView.swift in Sources */ = {isa = PBXBuildFile; fileRef = D3210AEF2BC1CAF400F47F1F /* TaskView.swift */; };
		D3210AF22BC1D21000F47F1F /* MapView.swift in Sources */ = {isa = PBXBuildFile; fileRef = D3210AF12BC1D21000F47F1F /* MapView.swift */; };
		D3210AF42BC1D26B00F47F1F /* TourPathView.swift in Sources */ = {isa = PBXBuildFile; fileRef = D3210AF32BC1D26B00F47F1F /* TourPathView.swift */; };
		D3210AF62BC1DA8F00F47F1F /* TourView.swift in Sources */ = {isa = PBXBuildFile; fileRef = D3210AF52BC1DA8F00F47F1F /* TourView.swift */; };
		D35295C42BFE202E00BF8A24 /* GoogleService-Info.plist in Resources */ = {isa = PBXBuildFile; fileRef = D35295C32BFE202E00BF8A24 /* GoogleService-Info.plist */; };
		D35295C72BFE207F00BF8A24 /* FirebaseAnalytics in Frameworks */ = {isa = PBXBuildFile; productRef = D35295C62BFE207F00BF8A24 /* FirebaseAnalytics */; };
		D35295C92BFE207F00BF8A24 /* FirebaseAnalyticsOnDeviceConversion in Frameworks */ = {isa = PBXBuildFile; productRef = D35295C82BFE207F00BF8A24 /* FirebaseAnalyticsOnDeviceConversion */; };
		D35295CB2BFE207F00BF8A24 /* FirebaseAnalyticsSwift in Frameworks */ = {isa = PBXBuildFile; productRef = D35295CA2BFE207F00BF8A24 /* FirebaseAnalyticsSwift */; };
		D35295CD2BFE207F00BF8A24 /* FirebaseAnalyticsWithoutAdIdSupport in Frameworks */ = {isa = PBXBuildFile; productRef = D35295CC2BFE207F00BF8A24 /* FirebaseAnalyticsWithoutAdIdSupport */; };
		D35295CF2BFE207F00BF8A24 /* FirebaseAppCheck in Frameworks */ = {isa = PBXBuildFile; productRef = D35295CE2BFE207F00BF8A24 /* FirebaseAppCheck */; };
		D35295D12BFE207F00BF8A24 /* FirebaseAppDistribution-Beta in Frameworks */ = {isa = PBXBuildFile; productRef = D35295D02BFE207F00BF8A24 /* FirebaseAppDistribution-Beta */; };
		D35295D32BFE207F00BF8A24 /* FirebaseAuth in Frameworks */ = {isa = PBXBuildFile; productRef = D35295D22BFE207F00BF8A24 /* FirebaseAuth */; };
		D35295D52BFE207F00BF8A24 /* FirebaseAuthCombine-Community in Frameworks */ = {isa = PBXBuildFile; productRef = D35295D42BFE207F00BF8A24 /* FirebaseAuthCombine-Community */; };
		D35295D72BFE207F00BF8A24 /* FirebaseCrashlytics in Frameworks */ = {isa = PBXBuildFile; productRef = D35295D62BFE207F00BF8A24 /* FirebaseCrashlytics */; };
		D35295D92BFE207F00BF8A24 /* FirebaseDatabase in Frameworks */ = {isa = PBXBuildFile; productRef = D35295D82BFE207F00BF8A24 /* FirebaseDatabase */; };
		D35295DB2BFE207F00BF8A24 /* FirebaseDatabaseSwift in Frameworks */ = {isa = PBXBuildFile; productRef = D35295DA2BFE207F00BF8A24 /* FirebaseDatabaseSwift */; };
		D35295DD2BFE207F00BF8A24 /* FirebaseDynamicLinks in Frameworks */ = {isa = PBXBuildFile; productRef = D35295DC2BFE207F00BF8A24 /* FirebaseDynamicLinks */; };
		D35295DF2BFE207F00BF8A24 /* FirebaseFirestore in Frameworks */ = {isa = PBXBuildFile; productRef = D35295DE2BFE207F00BF8A24 /* FirebaseFirestore */; };
		D35295E12BFE207F00BF8A24 /* FirebaseFirestoreCombine-Community in Frameworks */ = {isa = PBXBuildFile; productRef = D35295E02BFE207F00BF8A24 /* FirebaseFirestoreCombine-Community */; };
		D35295E32BFE207F00BF8A24 /* FirebaseFirestoreSwift in Frameworks */ = {isa = PBXBuildFile; productRef = D35295E22BFE207F00BF8A24 /* FirebaseFirestoreSwift */; };
		D35295E52BFE207F00BF8A24 /* FirebaseFunctions in Frameworks */ = {isa = PBXBuildFile; productRef = D35295E42BFE207F00BF8A24 /* FirebaseFunctions */; };
		D35295E72BFE207F00BF8A24 /* FirebaseFunctionsCombine-Community in Frameworks */ = {isa = PBXBuildFile; productRef = D35295E62BFE207F00BF8A24 /* FirebaseFunctionsCombine-Community */; };
		D35295E92BFE207F00BF8A24 /* FirebaseInAppMessaging-Beta in Frameworks */ = {isa = PBXBuildFile; productRef = D35295E82BFE207F00BF8A24 /* FirebaseInAppMessaging-Beta */; };
		D35295EB2BFE207F00BF8A24 /* FirebaseInAppMessagingSwift-Beta in Frameworks */ = {isa = PBXBuildFile; productRef = D35295EA2BFE207F00BF8A24 /* FirebaseInAppMessagingSwift-Beta */; };
		D35295ED2BFE207F00BF8A24 /* FirebaseInstallations in Frameworks */ = {isa = PBXBuildFile; productRef = D35295EC2BFE207F00BF8A24 /* FirebaseInstallations */; };
		D35295EF2BFE207F00BF8A24 /* FirebaseMLModelDownloader in Frameworks */ = {isa = PBXBuildFile; productRef = D35295EE2BFE207F00BF8A24 /* FirebaseMLModelDownloader */; };
		D35295F12BFE207F00BF8A24 /* FirebaseMessaging in Frameworks */ = {isa = PBXBuildFile; productRef = D35295F02BFE207F00BF8A24 /* FirebaseMessaging */; };
		D35295F32BFE207F00BF8A24 /* FirebasePerformance in Frameworks */ = {isa = PBXBuildFile; productRef = D35295F22BFE207F00BF8A24 /* FirebasePerformance */; };
		D35295F52BFE207F00BF8A24 /* FirebaseRemoteConfig in Frameworks */ = {isa = PBXBuildFile; productRef = D35295F42BFE207F00BF8A24 /* FirebaseRemoteConfig */; };
		D35295F72BFE207F00BF8A24 /* FirebaseRemoteConfigSwift in Frameworks */ = {isa = PBXBuildFile; productRef = D35295F62BFE207F00BF8A24 /* FirebaseRemoteConfigSwift */; };
		D35295F92BFE207F00BF8A24 /* FirebaseStorage in Frameworks */ = {isa = PBXBuildFile; productRef = D35295F82BFE207F00BF8A24 /* FirebaseStorage */; };
		D35295FB2BFE207F00BF8A24 /* FirebaseStorageCombine-Community in Frameworks */ = {isa = PBXBuildFile; productRef = D35295FA2BFE207F00BF8A24 /* FirebaseStorageCombine-Community */; };
		D35295FD2BFE207F00BF8A24 /* FirebaseVertexAI-Preview in Frameworks */ = {isa = PBXBuildFile; productRef = D35295FC2BFE207F00BF8A24 /* FirebaseVertexAI-Preview */; };
		D3ECA3D52ADFDEFF001CC529 /* AppDelegate.swift in Sources */ = {isa = PBXBuildFile; fileRef = D3ECA3D42ADFDEFF001CC529 /* AppDelegate.swift */; };
		D3ECA3D72ADFDEFF001CC529 /* ContentView.swift in Sources */ = {isa = PBXBuildFile; fileRef = D3ECA3D62ADFDEFF001CC529 /* ContentView.swift */; };
		D3ECA3D92ADFDF01001CC529 /* Assets.xcassets in Resources */ = {isa = PBXBuildFile; fileRef = D3ECA3D82ADFDF01001CC529 /* Assets.xcassets */; };
		D3ECA3DC2ADFDF01001CC529 /* Preview Assets.xcassets in Resources */ = {isa = PBXBuildFile; fileRef = D3ECA3DB2ADFDF01001CC529 /* Preview Assets.xcassets */; };
/* End PBXBuildFile section */

/* Begin PBXFileReference section */
		D31D32A32BB321280094FF88 /* art.scnassets */ = {isa = PBXFileReference; lastKnownFileType = wrapper.scnassets; path = art.scnassets; sourceTree = "<group>"; };
		D3210AE92BC1BC1800F47F1F /* ARViews.swift */ = {isa = PBXFileReference; lastKnownFileType = sourcecode.swift; path = ARViews.swift; sourceTree = "<group>"; };
		D3210AEB2BC1C46000F47F1F /* Tasks.swift */ = {isa = PBXFileReference; lastKnownFileType = sourcecode.swift; path = Tasks.swift; sourceTree = "<group>"; };
		D3210AEF2BC1CAF400F47F1F /* TaskView.swift */ = {isa = PBXFileReference; lastKnownFileType = sourcecode.swift; path = TaskView.swift; sourceTree = "<group>"; };
		D3210AF12BC1D21000F47F1F /* MapView.swift */ = {isa = PBXFileReference; lastKnownFileType = sourcecode.swift; path = MapView.swift; sourceTree = "<group>"; };
		D3210AF32BC1D26B00F47F1F /* TourPathView.swift */ = {isa = PBXFileReference; lastKnownFileType = sourcecode.swift; path = TourPathView.swift; sourceTree = "<group>"; };
		D3210AF52BC1DA8F00F47F1F /* TourView.swift */ = {isa = PBXFileReference; lastKnownFileType = sourcecode.swift; path = TourView.swift; sourceTree = "<group>"; };
		D35295C32BFE202E00BF8A24 /* GoogleService-Info.plist */ = {isa = PBXFileReference; fileEncoding = 4; lastKnownFileType = text.plist.xml; name = "GoogleService-Info.plist"; path = "../../../Downloads/GoogleService-Info.plist"; sourceTree = "<group>"; };
		D3DA38002BFA3589000F601B /* Info.plist */ = {isa = PBXFileReference; lastKnownFileType = text.plist; path = Info.plist; sourceTree = "<group>"; };
		D3ECA3D12ADFDEFF001CC529 /* city-tour-ar.app */ = {isa = PBXFileReference; explicitFileType = wrapper.application; includeInIndex = 0; path = "city-tour-ar.app"; sourceTree = BUILT_PRODUCTS_DIR; };
		D3ECA3D42ADFDEFF001CC529 /* AppDelegate.swift */ = {isa = PBXFileReference; lastKnownFileType = sourcecode.swift; path = AppDelegate.swift; sourceTree = "<group>"; };
		D3ECA3D62ADFDEFF001CC529 /* ContentView.swift */ = {isa = PBXFileReference; lastKnownFileType = sourcecode.swift; path = ContentView.swift; sourceTree = "<group>"; };
		D3ECA3D82ADFDF01001CC529 /* Assets.xcassets */ = {isa = PBXFileReference; lastKnownFileType = folder.assetcatalog; path = Assets.xcassets; sourceTree = "<group>"; };
		D3ECA3DB2ADFDF01001CC529 /* Preview Assets.xcassets */ = {isa = PBXFileReference; lastKnownFileType = folder.assetcatalog; path = "Preview Assets.xcassets"; sourceTree = "<group>"; };
/* End PBXFileReference section */

/* Begin PBXFrameworksBuildPhase section */
		D3ECA3CE2ADFDEFF001CC529 /* Frameworks */ = {
			isa = PBXFrameworksBuildPhase;
			buildActionMask = 2147483647;
			files = (
				D35295D92BFE207F00BF8A24 /* FirebaseDatabase in Frameworks */,
				D35295E72BFE207F00BF8A24 /* FirebaseFunctionsCombine-Community in Frameworks */,
				D35295DF2BFE207F00BF8A24 /* FirebaseFirestore in Frameworks */,
				D35295CB2BFE207F00BF8A24 /* FirebaseAnalyticsSwift in Frameworks */,
				D35295C72BFE207F00BF8A24 /* FirebaseAnalytics in Frameworks */,
				D35295C92BFE207F00BF8A24 /* FirebaseAnalyticsOnDeviceConversion in Frameworks */,
				D35295EF2BFE207F00BF8A24 /* FirebaseMLModelDownloader in Frameworks */,
				D35295E32BFE207F00BF8A24 /* FirebaseFirestoreSwift in Frameworks */,
				D35295CF2BFE207F00BF8A24 /* FirebaseAppCheck in Frameworks */,
				D35295CD2BFE207F00BF8A24 /* FirebaseAnalyticsWithoutAdIdSupport in Frameworks */,
				D35295D32BFE207F00BF8A24 /* FirebaseAuth in Frameworks */,
				D35295D72BFE207F00BF8A24 /* FirebaseCrashlytics in Frameworks */,
				D35295F72BFE207F00BF8A24 /* FirebaseRemoteConfigSwift in Frameworks */,
				D35295E92BFE207F00BF8A24 /* FirebaseInAppMessaging-Beta in Frameworks */,
				D35295DB2BFE207F00BF8A24 /* FirebaseDatabaseSwift in Frameworks */,
				D35295E52BFE207F00BF8A24 /* FirebaseFunctions in Frameworks */,
				D35295FB2BFE207F00BF8A24 /* FirebaseStorageCombine-Community in Frameworks */,
				D35295F52BFE207F00BF8A24 /* FirebaseRemoteConfig in Frameworks */,
				D35295D12BFE207F00BF8A24 /* FirebaseAppDistribution-Beta in Frameworks */,
				D35295D52BFE207F00BF8A24 /* FirebaseAuthCombine-Community in Frameworks */,
				D35295F32BFE207F00BF8A24 /* FirebasePerformance in Frameworks */,
				D35295EB2BFE207F00BF8A24 /* FirebaseInAppMessagingSwift-Beta in Frameworks */,
				D35295F92BFE207F00BF8A24 /* FirebaseStorage in Frameworks */,
				D35295DD2BFE207F00BF8A24 /* FirebaseDynamicLinks in Frameworks */,
				D35295FD2BFE207F00BF8A24 /* FirebaseVertexAI-Preview in Frameworks */,
				D35295E12BFE207F00BF8A24 /* FirebaseFirestoreCombine-Community in Frameworks */,
				D35295F12BFE207F00BF8A24 /* FirebaseMessaging in Frameworks */,
				D35295ED2BFE207F00BF8A24 /* FirebaseInstallations in Frameworks */,
			);
			runOnlyForDeploymentPostprocessing = 0;
		};
/* End PBXFrameworksBuildPhase section */

/* Begin PBXGroup section */
		D3ECA3C82ADFDEFF001CC529 = {
			isa = PBXGroup;
			children = (
				D3ECA3D32ADFDEFF001CC529 /* city-tour-ar */,
				D3ECA3D22ADFDEFF001CC529 /* Products */,
			);
			sourceTree = "<group>";
		};
		D3ECA3D22ADFDEFF001CC529 /* Products */ = {
			isa = PBXGroup;
			children = (
				D3ECA3D12ADFDEFF001CC529 /* city-tour-ar.app */,
			);
			name = Products;
			sourceTree = "<group>";
		};
		D3ECA3D32ADFDEFF001CC529 /* city-tour-ar */ = {
			isa = PBXGroup;
			children = (
				D35295C32BFE202E00BF8A24 /* GoogleService-Info.plist */,
				D3DA38002BFA3589000F601B /* Info.plist */,
				D3ECA3D42ADFDEFF001CC529 /* AppDelegate.swift */,
				D3ECA3D62ADFDEFF001CC529 /* ContentView.swift */,
				D3ECA3D82ADFDF01001CC529 /* Assets.xcassets */,
				D31D32A32BB321280094FF88 /* art.scnassets */,
				D3ECA3DA2ADFDF01001CC529 /* Preview Content */,
				D3210AE92BC1BC1800F47F1F /* ARViews.swift */,
				D3210AEB2BC1C46000F47F1F /* Tasks.swift */,
				D3210AEF2BC1CAF400F47F1F /* TaskView.swift */,
				D3210AF12BC1D21000F47F1F /* MapView.swift */,
				D3210AF32BC1D26B00F47F1F /* TourPathView.swift */,
				D3210AF52BC1DA8F00F47F1F /* TourView.swift */,
			);
			path = "city-tour-ar";
			sourceTree = "<group>";
		};
		D3ECA3DA2ADFDF01001CC529 /* Preview Content */ = {
			isa = PBXGroup;
			children = (
				D3ECA3DB2ADFDF01001CC529 /* Preview Assets.xcassets */,
			);
			path = "Preview Content";
			sourceTree = "<group>";
		};
/* End PBXGroup section */

/* Begin PBXNativeTarget section */
		D3ECA3D02ADFDEFF001CC529 /* city-tour-ar */ = {
			isa = PBXNativeTarget;
			buildConfigurationList = D3ECA3DF2ADFDF01001CC529 /* Build configuration list for PBXNativeTarget "city-tour-ar" */;
			buildPhases = (
				D3ECA3CD2ADFDEFF001CC529 /* Sources */,
				D3ECA3CE2ADFDEFF001CC529 /* Frameworks */,
				D3ECA3CF2ADFDEFF001CC529 /* Resources */,
			);
			buildRules = (
			);
			dependencies = (
			);
			name = "city-tour-ar";
			packageProductDependencies = (
				D35295C62BFE207F00BF8A24 /* FirebaseAnalytics */,
				D35295C82BFE207F00BF8A24 /* FirebaseAnalyticsOnDeviceConversion */,
				D35295CA2BFE207F00BF8A24 /* FirebaseAnalyticsSwift */,
				D35295CC2BFE207F00BF8A24 /* FirebaseAnalyticsWithoutAdIdSupport */,
				D35295CE2BFE207F00BF8A24 /* FirebaseAppCheck */,
				D35295D02BFE207F00BF8A24 /* FirebaseAppDistribution-Beta */,
				D35295D22BFE207F00BF8A24 /* FirebaseAuth */,
				D35295D42BFE207F00BF8A24 /* FirebaseAuthCombine-Community */,
				D35295D62BFE207F00BF8A24 /* FirebaseCrashlytics */,
				D35295D82BFE207F00BF8A24 /* FirebaseDatabase */,
				D35295DA2BFE207F00BF8A24 /* FirebaseDatabaseSwift */,
				D35295DC2BFE207F00BF8A24 /* FirebaseDynamicLinks */,
				D35295DE2BFE207F00BF8A24 /* FirebaseFirestore */,
				D35295E02BFE207F00BF8A24 /* FirebaseFirestoreCombine-Community */,
				D35295E22BFE207F00BF8A24 /* FirebaseFirestoreSwift */,
				D35295E42BFE207F00BF8A24 /* FirebaseFunctions */,
				D35295E62BFE207F00BF8A24 /* FirebaseFunctionsCombine-Community */,
				D35295E82BFE207F00BF8A24 /* FirebaseInAppMessaging-Beta */,
				D35295EA2BFE207F00BF8A24 /* FirebaseInAppMessagingSwift-Beta */,
				D35295EC2BFE207F00BF8A24 /* FirebaseInstallations */,
				D35295EE2BFE207F00BF8A24 /* FirebaseMLModelDownloader */,
				D35295F02BFE207F00BF8A24 /* FirebaseMessaging */,
				D35295F22BFE207F00BF8A24 /* FirebasePerformance */,
				D35295F42BFE207F00BF8A24 /* FirebaseRemoteConfig */,
				D35295F62BFE207F00BF8A24 /* FirebaseRemoteConfigSwift */,
				D35295F82BFE207F00BF8A24 /* FirebaseStorage */,
				D35295FA2BFE207F00BF8A24 /* FirebaseStorageCombine-Community */,
				D35295FC2BFE207F00BF8A24 /* FirebaseVertexAI-Preview */,
			);
			productName = "city-tour-ar";
			productReference = D3ECA3D12ADFDEFF001CC529 /* city-tour-ar.app */;
			productType = "com.apple.product-type.application";
		};
/* End PBXNativeTarget section */

/* Begin PBXProject section */
		D3ECA3C92ADFDEFF001CC529 /* Project object */ = {
			isa = PBXProject;
			attributes = {
				BuildIndependentTargetsInParallel = 1;
				LastSwiftUpdateCheck = 1500;
				LastUpgradeCheck = 1500;
				TargetAttributes = {
					D3ECA3D02ADFDEFF001CC529 = {
						CreatedOnToolsVersion = 15.0;
					};
				};
			};
			buildConfigurationList = D3ECA3CC2ADFDEFF001CC529 /* Build configuration list for PBXProject "city-tour-ar" */;
			compatibilityVersion = "Xcode 14.0";
			developmentRegion = en;
			hasScannedForEncodings = 0;
			knownRegions = (
				en,
				Base,
			);
			mainGroup = D3ECA3C82ADFDEFF001CC529;
			packageReferences = (
				D35295C52BFE207F00BF8A24 /* XCRemoteSwiftPackageReference "firebase-ios-sdk" */,
			);
			productRefGroup = D3ECA3D22ADFDEFF001CC529 /* Products */;
			projectDirPath = "";
			projectRoot = "";
			targets = (
				D3ECA3D02ADFDEFF001CC529 /* city-tour-ar */,
			);
		};
/* End PBXProject section */

/* Begin PBXResourcesBuildPhase section */
		D3ECA3CF2ADFDEFF001CC529 /* Resources */ = {
			isa = PBXResourcesBuildPhase;
			buildActionMask = 2147483647;
			files = (
				D3ECA3DC2ADFDF01001CC529 /* Preview Assets.xcassets in Resources */,
				D35295C42BFE202E00BF8A24 /* GoogleService-Info.plist in Resources */,
				D31D32A42BB321280094FF88 /* art.scnassets in Resources */,
				D3ECA3D92ADFDF01001CC529 /* Assets.xcassets in Resources */,
			);
			runOnlyForDeploymentPostprocessing = 0;
		};
/* End PBXResourcesBuildPhase section */

/* Begin PBXSourcesBuildPhase section */
		D3ECA3CD2ADFDEFF001CC529 /* Sources */ = {
			isa = PBXSourcesBuildPhase;
			buildActionMask = 2147483647;
			files = (
				D3210AF42BC1D26B00F47F1F /* TourPathView.swift in Sources */,
				D3210AEC2BC1C46000F47F1F /* Tasks.swift in Sources */,
				D3210AF22BC1D21000F47F1F /* MapView.swift in Sources */,
				D3210AEA2BC1BC1800F47F1F /* ARViews.swift in Sources */,
				D3ECA3D72ADFDEFF001CC529 /* ContentView.swift in Sources */,
				D3210AF02BC1CAF400F47F1F /* TaskView.swift in Sources */,
				D3210AF62BC1DA8F00F47F1F /* TourView.swift in Sources */,
				D3ECA3D52ADFDEFF001CC529 /* AppDelegate.swift in Sources */,
			);
			runOnlyForDeploymentPostprocessing = 0;
		};
/* End PBXSourcesBuildPhase section */

/* Begin XCBuildConfiguration section */
		D3ECA3DD2ADFDF01001CC529 /* Debug */ = {
			isa = XCBuildConfiguration;
			buildSettings = {
				ALWAYS_SEARCH_USER_PATHS = NO;
				ASSETCATALOG_COMPILER_GENERATE_SWIFT_ASSET_SYMBOL_EXTENSIONS = YES;
				CLANG_ANALYZER_NONNULL = YES;
				CLANG_ANALYZER_NUMBER_OBJECT_CONVERSION = YES_AGGRESSIVE;
				CLANG_CXX_LANGUAGE_STANDARD = "gnu++20";
				CLANG_ENABLE_MODULES = YES;
				CLANG_ENABLE_OBJC_ARC = YES;
				CLANG_ENABLE_OBJC_WEAK = YES;
				CLANG_WARN_BLOCK_CAPTURE_AUTORELEASING = YES;
				CLANG_WARN_BOOL_CONVERSION = YES;
				CLANG_WARN_COMMA = YES;
				CLANG_WARN_CONSTANT_CONVERSION = YES;
				CLANG_WARN_DEPRECATED_OBJC_IMPLEMENTATIONS = YES;
				CLANG_WARN_DIRECT_OBJC_ISA_USAGE = YES_ERROR;
				CLANG_WARN_DOCUMENTATION_COMMENTS = YES;
				CLANG_WARN_EMPTY_BODY = YES;
				CLANG_WARN_ENUM_CONVERSION = YES;
				CLANG_WARN_INFINITE_RECURSION = YES;
				CLANG_WARN_INT_CONVERSION = YES;
				CLANG_WARN_NON_LITERAL_NULL_CONVERSION = YES;
				CLANG_WARN_OBJC_IMPLICIT_RETAIN_SELF = YES;
				CLANG_WARN_OBJC_LITERAL_CONVERSION = YES;
				CLANG_WARN_OBJC_ROOT_CLASS = YES_ERROR;
				CLANG_WARN_QUOTED_INCLUDE_IN_FRAMEWORK_HEADER = YES;
				CLANG_WARN_RANGE_LOOP_ANALYSIS = YES;
				CLANG_WARN_STRICT_PROTOTYPES = YES;
				CLANG_WARN_SUSPICIOUS_MOVE = YES;
				CLANG_WARN_UNGUARDED_AVAILABILITY = YES_AGGRESSIVE;
				CLANG_WARN_UNREACHABLE_CODE = YES;
				CLANG_WARN__DUPLICATE_METHOD_MATCH = YES;
				COPY_PHASE_STRIP = NO;
				DEBUG_INFORMATION_FORMAT = dwarf;
				ENABLE_STRICT_OBJC_MSGSEND = YES;
				ENABLE_TESTABILITY = YES;
				ENABLE_USER_SCRIPT_SANDBOXING = YES;
				GCC_C_LANGUAGE_STANDARD = gnu17;
				GCC_DYNAMIC_NO_PIC = NO;
				GCC_NO_COMMON_BLOCKS = YES;
				GCC_OPTIMIZATION_LEVEL = 0;
				GCC_PREPROCESSOR_DEFINITIONS = (
					"DEBUG=1",
					"$(inherited)",
				);
				GCC_WARN_64_TO_32_BIT_CONVERSION = YES;
				GCC_WARN_ABOUT_RETURN_TYPE = YES_ERROR;
				GCC_WARN_UNDECLARED_SELECTOR = YES;
				GCC_WARN_UNINITIALIZED_AUTOS = YES_AGGRESSIVE;
				GCC_WARN_UNUSED_FUNCTION = YES;
				GCC_WARN_UNUSED_VARIABLE = YES;
				IPHONEOS_DEPLOYMENT_TARGET = 17.0;
				LOCALIZATION_PREFERS_STRING_CATALOGS = YES;
				MTL_ENABLE_DEBUG_INFO = INCLUDE_SOURCE;
				MTL_FAST_MATH = YES;
				ONLY_ACTIVE_ARCH = YES;
				SDKROOT = iphoneos;
				SWIFT_ACTIVE_COMPILATION_CONDITIONS = "DEBUG $(inherited)";
				SWIFT_OPTIMIZATION_LEVEL = "-Onone";
			};
			name = Debug;
		};
		D3ECA3DE2ADFDF01001CC529 /* Release */ = {
			isa = XCBuildConfiguration;
			buildSettings = {
				ALWAYS_SEARCH_USER_PATHS = NO;
				ASSETCATALOG_COMPILER_GENERATE_SWIFT_ASSET_SYMBOL_EXTENSIONS = YES;
				CLANG_ANALYZER_NONNULL = YES;
				CLANG_ANALYZER_NUMBER_OBJECT_CONVERSION = YES_AGGRESSIVE;
				CLANG_CXX_LANGUAGE_STANDARD = "gnu++20";
				CLANG_ENABLE_MODULES = YES;
				CLANG_ENABLE_OBJC_ARC = YES;
				CLANG_ENABLE_OBJC_WEAK = YES;
				CLANG_WARN_BLOCK_CAPTURE_AUTORELEASING = YES;
				CLANG_WARN_BOOL_CONVERSION = YES;
				CLANG_WARN_COMMA = YES;
				CLANG_WARN_CONSTANT_CONVERSION = YES;
				CLANG_WARN_DEPRECATED_OBJC_IMPLEMENTATIONS = YES;
				CLANG_WARN_DIRECT_OBJC_ISA_USAGE = YES_ERROR;
				CLANG_WARN_DOCUMENTATION_COMMENTS = YES;
				CLANG_WARN_EMPTY_BODY = YES;
				CLANG_WARN_ENUM_CONVERSION = YES;
				CLANG_WARN_INFINITE_RECURSION = YES;
				CLANG_WARN_INT_CONVERSION = YES;
				CLANG_WARN_NON_LITERAL_NULL_CONVERSION = YES;
				CLANG_WARN_OBJC_IMPLICIT_RETAIN_SELF = YES;
				CLANG_WARN_OBJC_LITERAL_CONVERSION = YES;
				CLANG_WARN_OBJC_ROOT_CLASS = YES_ERROR;
				CLANG_WARN_QUOTED_INCLUDE_IN_FRAMEWORK_HEADER = YES;
				CLANG_WARN_RANGE_LOOP_ANALYSIS = YES;
				CLANG_WARN_STRICT_PROTOTYPES = YES;
				CLANG_WARN_SUSPICIOUS_MOVE = YES;
				CLANG_WARN_UNGUARDED_AVAILABILITY = YES_AGGRESSIVE;
				CLANG_WARN_UNREACHABLE_CODE = YES;
				CLANG_WARN__DUPLICATE_METHOD_MATCH = YES;
				COPY_PHASE_STRIP = NO;
				DEBUG_INFORMATION_FORMAT = "dwarf-with-dsym";
				ENABLE_NS_ASSERTIONS = NO;
				ENABLE_STRICT_OBJC_MSGSEND = YES;
				ENABLE_USER_SCRIPT_SANDBOXING = YES;
				GCC_C_LANGUAGE_STANDARD = gnu17;
				GCC_NO_COMMON_BLOCKS = YES;
				GCC_WARN_64_TO_32_BIT_CONVERSION = YES;
				GCC_WARN_ABOUT_RETURN_TYPE = YES_ERROR;
				GCC_WARN_UNDECLARED_SELECTOR = YES;
				GCC_WARN_UNINITIALIZED_AUTOS = YES_AGGRESSIVE;
				GCC_WARN_UNUSED_FUNCTION = YES;
				GCC_WARN_UNUSED_VARIABLE = YES;
				IPHONEOS_DEPLOYMENT_TARGET = 17.0;
				LOCALIZATION_PREFERS_STRING_CATALOGS = YES;
				MTL_ENABLE_DEBUG_INFO = NO;
				MTL_FAST_MATH = YES;
				SDKROOT = iphoneos;
				SWIFT_COMPILATION_MODE = wholemodule;
				VALIDATE_PRODUCT = YES;
			};
			name = Release;
		};
		D3ECA3E02ADFDF01001CC529 /* Debug */ = {
			isa = XCBuildConfiguration;
			buildSettings = {
				ASSETCATALOG_COMPILER_APPICON_NAME = AppIcon;
				ASSETCATALOG_COMPILER_GLOBAL_ACCENT_COLOR_NAME = AccentColor;
				CODE_SIGN_STYLE = Automatic;
				CURRENT_PROJECT_VERSION = 1;
				DEVELOPMENT_ASSET_PATHS = "\"city-tour-ar/Preview Content\"";
				DEVELOPMENT_TEAM = R6XWJWUWFQ;
				ENABLE_PREVIEWS = YES;
				GENERATE_INFOPLIST_FILE = YES;
				INFOPLIST_FILE = "city-tour-ar/Info.plist";
				INFOPLIST_KEY_CFBundleDisplayName = "AR City Tour";
				INFOPLIST_KEY_LSApplicationCategoryType = "public.app-category.travel";
				INFOPLIST_KEY_NSCameraUsageDescription = "";
				INFOPLIST_KEY_NSLocationWhenInUseUsageDescription = "The app needs location info to help user navigate to the tour tasks.";
				INFOPLIST_KEY_UIApplicationSupportsIndirectInputEvents = YES;
				INFOPLIST_KEY_UILaunchScreen_Generation = YES;
				INFOPLIST_KEY_UIRequiredDeviceCapabilities = arkit;
				INFOPLIST_KEY_UIStatusBarHidden = YES;
				INFOPLIST_KEY_UISupportedInterfaceOrientations_iPad = "UIInterfaceOrientationPortrait UIInterfaceOrientationPortraitUpsideDown UIInterfaceOrientationLandscapeLeft UIInterfaceOrientationLandscapeRight";
				INFOPLIST_KEY_UISupportedInterfaceOrientations_iPhone = "UIInterfaceOrientationPortrait UIInterfaceOrientationLandscapeLeft UIInterfaceOrientationLandscapeRight";
				LD_RUNPATH_SEARCH_PATHS = (
					"$(inherited)",
					"@executable_path/Frameworks",
				);
				MARKETING_VERSION = 0.1;
				PRODUCT_BUNDLE_IDENTIFIER = "mhawryluk.city-tour-ar";
				PRODUCT_NAME = "$(TARGET_NAME)";
				SWIFT_EMIT_LOC_STRINGS = YES;
				SWIFT_VERSION = 5.0;
				TARGETED_DEVICE_FAMILY = "1,2";
			};
			name = Debug;
		};
		D3ECA3E12ADFDF01001CC529 /* Release */ = {
			isa = XCBuildConfiguration;
			buildSettings = {
				ASSETCATALOG_COMPILER_APPICON_NAME = AppIcon;
				ASSETCATALOG_COMPILER_GLOBAL_ACCENT_COLOR_NAME = AccentColor;
				CODE_SIGN_STYLE = Automatic;
				CURRENT_PROJECT_VERSION = 1;
				DEVELOPMENT_ASSET_PATHS = "\"city-tour-ar/Preview Content\"";
				DEVELOPMENT_TEAM = R6XWJWUWFQ;
				ENABLE_PREVIEWS = YES;
				GENERATE_INFOPLIST_FILE = YES;
				INFOPLIST_FILE = "city-tour-ar/Info.plist";
				INFOPLIST_KEY_CFBundleDisplayName = "AR City Tour";
				INFOPLIST_KEY_LSApplicationCategoryType = "public.app-category.travel";
				INFOPLIST_KEY_NSCameraUsageDescription = "";
				INFOPLIST_KEY_NSLocationWhenInUseUsageDescription = "The app needs location info to help user navigate to the tour tasks.";
				INFOPLIST_KEY_UIApplicationSupportsIndirectInputEvents = YES;
				INFOPLIST_KEY_UILaunchScreen_Generation = YES;
				INFOPLIST_KEY_UIRequiredDeviceCapabilities = arkit;
				INFOPLIST_KEY_UIStatusBarHidden = YES;
				INFOPLIST_KEY_UISupportedInterfaceOrientations_iPad = "UIInterfaceOrientationPortrait UIInterfaceOrientationPortraitUpsideDown UIInterfaceOrientationLandscapeLeft UIInterfaceOrientationLandscapeRight";
				INFOPLIST_KEY_UISupportedInterfaceOrientations_iPhone = "UIInterfaceOrientationPortrait UIInterfaceOrientationLandscapeLeft UIInterfaceOrientationLandscapeRight";
				LD_RUNPATH_SEARCH_PATHS = (
					"$(inherited)",
					"@executable_path/Frameworks",
				);
				MARKETING_VERSION = 0.1;
				PRODUCT_BUNDLE_IDENTIFIER = "mhawryluk.city-tour-ar";
				PRODUCT_NAME = "$(TARGET_NAME)";
				SWIFT_EMIT_LOC_STRINGS = YES;
				SWIFT_VERSION = 5.0;
				TARGETED_DEVICE_FAMILY = "1,2";
			};
			name = Release;
		};
/* End XCBuildConfiguration section */

/* Begin XCConfigurationList section */
		D3ECA3CC2ADFDEFF001CC529 /* Build configuration list for PBXProject "city-tour-ar" */ = {
			isa = XCConfigurationList;
			buildConfigurations = (
				D3ECA3DD2ADFDF01001CC529 /* Debug */,
				D3ECA3DE2ADFDF01001CC529 /* Release */,
			);
			defaultConfigurationIsVisible = 0;
			defaultConfigurationName = Release;
		};
		D3ECA3DF2ADFDF01001CC529 /* Build configuration list for PBXNativeTarget "city-tour-ar" */ = {
			isa = XCConfigurationList;
			buildConfigurations = (
				D3ECA3E02ADFDF01001CC529 /* Debug */,
				D3ECA3E12ADFDF01001CC529 /* Release */,
			);
			defaultConfigurationIsVisible = 0;
			defaultConfigurationName = Release;
		};
/* End XCConfigurationList section */

/* Begin XCRemoteSwiftPackageReference section */
		D35295C52BFE207F00BF8A24 /* XCRemoteSwiftPackageReference "firebase-ios-sdk" */ = {
			isa = XCRemoteSwiftPackageReference;
			repositoryURL = "https://github.com/firebase/firebase-ios-sdk";
			requirement = {
				kind = upToNextMajorVersion;
				minimumVersion = 10.26.0;
			};
		};
/* End XCRemoteSwiftPackageReference section */

/* Begin XCSwiftPackageProductDependency section */
		D35295C62BFE207F00BF8A24 /* FirebaseAnalytics */ = {
			isa = XCSwiftPackageProductDependency;
			package = D35295C52BFE207F00BF8A24 /* XCRemoteSwiftPackageReference "firebase-ios-sdk" */;
			productName = FirebaseAnalytics;
		};
		D35295C82BFE207F00BF8A24 /* FirebaseAnalyticsOnDeviceConversion */ = {
			isa = XCSwiftPackageProductDependency;
			package = D35295C52BFE207F00BF8A24 /* XCRemoteSwiftPackageReference "firebase-ios-sdk" */;
			productName = FirebaseAnalyticsOnDeviceConversion;
		};
		D35295CA2BFE207F00BF8A24 /* FirebaseAnalyticsSwift */ = {
			isa = XCSwiftPackageProductDependency;
			package = D35295C52BFE207F00BF8A24 /* XCRemoteSwiftPackageReference "firebase-ios-sdk" */;
			productName = FirebaseAnalyticsSwift;
		};
		D35295CC2BFE207F00BF8A24 /* FirebaseAnalyticsWithoutAdIdSupport */ = {
			isa = XCSwiftPackageProductDependency;
			package = D35295C52BFE207F00BF8A24 /* XCRemoteSwiftPackageReference "firebase-ios-sdk" */;
			productName = FirebaseAnalyticsWithoutAdIdSupport;
		};
		D35295CE2BFE207F00BF8A24 /* FirebaseAppCheck */ = {
			isa = XCSwiftPackageProductDependency;
			package = D35295C52BFE207F00BF8A24 /* XCRemoteSwiftPackageReference "firebase-ios-sdk" */;
			productName = FirebaseAppCheck;
		};
		D35295D02BFE207F00BF8A24 /* FirebaseAppDistribution-Beta */ = {
			isa = XCSwiftPackageProductDependency;
			package = D35295C52BFE207F00BF8A24 /* XCRemoteSwiftPackageReference "firebase-ios-sdk" */;
			productName = "FirebaseAppDistribution-Beta";
		};
		D35295D22BFE207F00BF8A24 /* FirebaseAuth */ = {
			isa = XCSwiftPackageProductDependency;
			package = D35295C52BFE207F00BF8A24 /* XCRemoteSwiftPackageReference "firebase-ios-sdk" */;
			productName = FirebaseAuth;
		};
		D35295D42BFE207F00BF8A24 /* FirebaseAuthCombine-Community */ = {
			isa = XCSwiftPackageProductDependency;
			package = D35295C52BFE207F00BF8A24 /* XCRemoteSwiftPackageReference "firebase-ios-sdk" */;
			productName = "FirebaseAuthCombine-Community";
		};
		D35295D62BFE207F00BF8A24 /* FirebaseCrashlytics */ = {
			isa = XCSwiftPackageProductDependency;
			package = D35295C52BFE207F00BF8A24 /* XCRemoteSwiftPackageReference "firebase-ios-sdk" */;
			productName = FirebaseCrashlytics;
		};
		D35295D82BFE207F00BF8A24 /* FirebaseDatabase */ = {
			isa = XCSwiftPackageProductDependency;
			package = D35295C52BFE207F00BF8A24 /* XCRemoteSwiftPackageReference "firebase-ios-sdk" */;
			productName = FirebaseDatabase;
		};
		D35295DA2BFE207F00BF8A24 /* FirebaseDatabaseSwift */ = {
			isa = XCSwiftPackageProductDependency;
			package = D35295C52BFE207F00BF8A24 /* XCRemoteSwiftPackageReference "firebase-ios-sdk" */;
			productName = FirebaseDatabaseSwift;
		};
		D35295DC2BFE207F00BF8A24 /* FirebaseDynamicLinks */ = {
			isa = XCSwiftPackageProductDependency;
			package = D35295C52BFE207F00BF8A24 /* XCRemoteSwiftPackageReference "firebase-ios-sdk" */;
			productName = FirebaseDynamicLinks;
		};
		D35295DE2BFE207F00BF8A24 /* FirebaseFirestore */ = {
			isa = XCSwiftPackageProductDependency;
			package = D35295C52BFE207F00BF8A24 /* XCRemoteSwiftPackageReference "firebase-ios-sdk" */;
			productName = FirebaseFirestore;
		};
		D35295E02BFE207F00BF8A24 /* FirebaseFirestoreCombine-Community */ = {
			isa = XCSwiftPackageProductDependency;
			package = D35295C52BFE207F00BF8A24 /* XCRemoteSwiftPackageReference "firebase-ios-sdk" */;
			productName = "FirebaseFirestoreCombine-Community";
		};
		D35295E22BFE207F00BF8A24 /* FirebaseFirestoreSwift */ = {
			isa = XCSwiftPackageProductDependency;
			package = D35295C52BFE207F00BF8A24 /* XCRemoteSwiftPackageReference "firebase-ios-sdk" */;
			productName = FirebaseFirestoreSwift;
		};
		D35295E42BFE207F00BF8A24 /* FirebaseFunctions */ = {
			isa = XCSwiftPackageProductDependency;
			package = D35295C52BFE207F00BF8A24 /* XCRemoteSwiftPackageReference "firebase-ios-sdk" */;
			productName = FirebaseFunctions;
		};
		D35295E62BFE207F00BF8A24 /* FirebaseFunctionsCombine-Community */ = {
			isa = XCSwiftPackageProductDependency;
			package = D35295C52BFE207F00BF8A24 /* XCRemoteSwiftPackageReference "firebase-ios-sdk" */;
			productName = "FirebaseFunctionsCombine-Community";
		};
		D35295E82BFE207F00BF8A24 /* FirebaseInAppMessaging-Beta */ = {
			isa = XCSwiftPackageProductDependency;
			package = D35295C52BFE207F00BF8A24 /* XCRemoteSwiftPackageReference "firebase-ios-sdk" */;
			productName = "FirebaseInAppMessaging-Beta";
		};
		D35295EA2BFE207F00BF8A24 /* FirebaseInAppMessagingSwift-Beta */ = {
			isa = XCSwiftPackageProductDependency;
			package = D35295C52BFE207F00BF8A24 /* XCRemoteSwiftPackageReference "firebase-ios-sdk" */;
			productName = "FirebaseInAppMessagingSwift-Beta";
		};
		D35295EC2BFE207F00BF8A24 /* FirebaseInstallations */ = {
			isa = XCSwiftPackageProductDependency;
			package = D35295C52BFE207F00BF8A24 /* XCRemoteSwiftPackageReference "firebase-ios-sdk" */;
			productName = FirebaseInstallations;
		};
		D35295EE2BFE207F00BF8A24 /* FirebaseMLModelDownloader */ = {
			isa = XCSwiftPackageProductDependency;
			package = D35295C52BFE207F00BF8A24 /* XCRemoteSwiftPackageReference "firebase-ios-sdk" */;
			productName = FirebaseMLModelDownloader;
		};
		D35295F02BFE207F00BF8A24 /* FirebaseMessaging */ = {
			isa = XCSwiftPackageProductDependency;
			package = D35295C52BFE207F00BF8A24 /* XCRemoteSwiftPackageReference "firebase-ios-sdk" */;
			productName = FirebaseMessaging;
		};
		D35295F22BFE207F00BF8A24 /* FirebasePerformance */ = {
			isa = XCSwiftPackageProductDependency;
			package = D35295C52BFE207F00BF8A24 /* XCRemoteSwiftPackageReference "firebase-ios-sdk" */;
			productName = FirebasePerformance;
		};
		D35295F42BFE207F00BF8A24 /* FirebaseRemoteConfig */ = {
			isa = XCSwiftPackageProductDependency;
			package = D35295C52BFE207F00BF8A24 /* XCRemoteSwiftPackageReference "firebase-ios-sdk" */;
			productName = FirebaseRemoteConfig;
		};
		D35295F62BFE207F00BF8A24 /* FirebaseRemoteConfigSwift */ = {
			isa = XCSwiftPackageProductDependency;
			package = D35295C52BFE207F00BF8A24 /* XCRemoteSwiftPackageReference "firebase-ios-sdk" */;
			productName = FirebaseRemoteConfigSwift;
		};
		D35295F82BFE207F00BF8A24 /* FirebaseStorage */ = {
			isa = XCSwiftPackageProductDependency;
			package = D35295C52BFE207F00BF8A24 /* XCRemoteSwiftPackageReference "firebase-ios-sdk" */;
			productName = FirebaseStorage;
		};
		D35295FA2BFE207F00BF8A24 /* FirebaseStorageCombine-Community */ = {
			isa = XCSwiftPackageProductDependency;
			package = D35295C52BFE207F00BF8A24 /* XCRemoteSwiftPackageReference "firebase-ios-sdk" */;
			productName = "FirebaseStorageCombine-Community";
		};
		D35295FC2BFE207F00BF8A24 /* FirebaseVertexAI-Preview */ = {
			isa = XCSwiftPackageProductDependency;
			package = D35295C52BFE207F00BF8A24 /* XCRemoteSwiftPackageReference "firebase-ios-sdk" */;
			productName = "FirebaseVertexAI-Preview";
		};
/* End XCSwiftPackageProductDependency section */
	};
	rootObject = D3ECA3C92ADFDEFF001CC529 /* Project object */;
}
